
Microsoft Visual Studio Solution File, Format Version 12.00
# Visual Studio Version 17
VisualStudioVersion = 17.5.002.0
MinimumVisualStudioVersion = 10.0.40219.1
Project("{9A19103F-16F7-4668-BE54-9A1E7A4F7556}") = "DesafioProjetoHospedagem", "DesafioProjetoHospedagem.csproj", "{AF62C93E-9F73-4346-8FC3-6BDFDCA46568}"
EndProject
Global
	GlobalSection(SolutionConfigurationPlatforms) = preSolution
		Debug|Any CPU = Debug|Any CPU
		Release|Any CPU = Release|Any CPU
	EndGlobalSection
	GlobalSection(ProjectConfigurationPlatforms) = postSolution
		{AF62C93E-9F73-4346-8FC3-6BDFDCA46568}.Debug|Any CPU.ActiveCfg = Debug|Any CPU
		{AF62C93E-9F73-4346-8FC3-6BDFDCA46568}.Debug|Any CPU.Build.0 = Debug|Any CPU
		{AF62C93E-9F73-4346-8FC3-6BDFDCA46568}.Release|Any CPU.ActiveCfg = Release|Any CPU
		{AF62C93E-9F73-4346-8FC3-6BDFDCA46568}.Release|Any CPU.Build.0 = Release|Any CPU
	EndGlobalSection
	GlobalSection(SolutionProperties) = preSolution
		HideSolutionNode = FALSE
	EndGlobalSection
	GlobalSection(ExtensibilityGlobals) = postSolution
		SolutionGuid = {69D6E073-3DD8-4DE3-A78F-E33F2DEAE785}
	EndGlobalSection
EndGlobal
